
Microsoft Visual Studio Solution File, Format Version 12.00
# Visual Studio Version 17
VisualStudioVersion = 17.0.31903.59
MinimumVisualStudioVersion = 10.0.40219.1
Project("{2150E333-8FDC-42A3-9474-1A3956D46DE8}") = "src", "src", "{9167A40B-0394-4E29-A9E2-73F6AFB7DBAB}"
EndProject
Project("{FAE04EC0-301F-11D3-BF4B-00C04F79EFBC}") = "SubnauticaMP.Shared", "src\SubnauticaMP.Shared\SubnauticaMP.Shared.csproj", "{D63C1953-1D22-4AA9-946F-0996CD4BB35A}"
EndProject
Project("{FAE04EC0-301F-11D3-BF4B-00C04F79EFBC}") = "SubnauticaMP.Server", "src\SubnauticaMP.Server\SubnauticaMP.Server.csproj", "{5259A15A-6B26-40A8-85A4-9F71EC37A4E1}"
EndProject
Project("{2150E333-8FDC-42A3-9474-1A3956D46DE8}") = "tests", "tests", "{BA7DD931-9A16-4FEA-9B4C-55C0AE1E43BE}"
EndProject
Project("{FAE04EC0-301F-11D3-BF4B-00C04F79EFBC}") = "SubnauticaMP.Tests", "tests\SubnauticaMP.Tests\SubnauticaMP.Tests.csproj", "{C6DE28C9-565C-43B3-93B1-FFDA09B034C0}"
EndProject
Project("{FAE04EC0-301F-11D3-BF4B-00C04F79EFBC}") = "SubnauticaMP.Launcher", "src\SubnauticaMP.Launcher\SubnauticaMP.Launcher.csproj", "{5C267D11-13F4-49F0-8638-87AD6D40C939}"
EndProject
Project("{2150E333-8FDC-42A3-9474-1A3956D46DE8}") = "lib", "lib", "{5762BE0D-BE68-46FB-8B22-3C776080BCA8}"
EndProject
Project("{FAE04EC0-301F-11D3-BF4B-00C04F79EFBC}") = "BepInEx.Ref", "lib\BepInEx.Ref\BepInEx.Ref.csproj", "{E204DD34-D024-4C87-A621-66FAB9BDC63D}"
EndProject
Project("{FAE04EC0-301F-11D3-BF4B-00C04F79EFBC}") = "SubnauticaMP.Plugin", "src\SubnauticaMP.Plugin\SubnauticaMP.Plugin.csproj", "{594845B4-58DE-4474-A737-CCF6356DE952}"
EndProject
Project("{FAE04EC0-301F-11D3-BF4B-00C04F79EFBC}") = "SubnauticaMP.Launcher.Tests", "tests\SubnauticaMP.Launcher.Tests\SubnauticaMP.Launcher.Tests.csproj", "{7D55A9D0-888C-4DF9-A75A-3619AA750373}"
EndProject
Project("{FAE04EC0-301F-11D3-BF4B-00C04F79EFBC}") = "Nautilus.Ref", "lib\Nautilus.Ref\Nautilus.Ref.csproj", "{6F1CBF23-A49D-4833-ACD3-81E3D372C44B}"
EndProject
Project("{FAE04EC0-301F-11D3-BF4B-00C04F79EFBC}") = "SubnauticaMP.Optimizer", "src\SubnauticaMP.Optimizer\SubnauticaMP.Optimizer.csproj", "{AC9AAC85-274E-46A3-9384-7C0E7A331918}"
EndProject
Global
	GlobalSection(SolutionConfigurationPlatforms) = preSolution
		Debug|Any CPU = Debug|Any CPU
		Release|Any CPU = Release|Any CPU
	EndGlobalSection
	GlobalSection(SolutionProperties) = preSolution
		HideSolutionNode = FALSE
	EndGlobalSection
	GlobalSection(ProjectConfigurationPlatforms) = postSolution
		{D63C1953-1D22-4AA9-946F-0996CD4BB35A}.Debug|Any CPU.ActiveCfg = Debug|Any CPU
		{D63C1953-1D22-4AA9-946F-0996CD4BB35A}.Debug|Any CPU.Build.0 = Debug|Any CPU
		{D63C1953-1D22-4AA9-946F-0996CD4BB35A}.Release|Any CPU.ActiveCfg = Release|Any CPU
		{D63C1953-1D22-4AA9-946F-0996CD4BB35A}.Release|Any CPU.Build.0 = Release|Any CPU
		{5259A15A-6B26-40A8-85A4-9F71EC37A4E1}.Debug|Any CPU.ActiveCfg = Debug|Any CPU
		{5259A15A-6B26-40A8-85A4-9F71EC37A4E1}.Debug|Any CPU.Build.0 = Debug|Any CPU
		{5259A15A-6B26-40A8-85A4-9F71EC37A4E1}.Release|Any CPU.ActiveCfg = Release|Any CPU
		{5259A15A-6B26-40A8-85A4-9F71EC37A4E1}.Release|Any CPU.Build.0 = Release|Any CPU
		{C6DE28C9-565C-43B3-93B1-FFDA09B034C0}.Debug|Any CPU.ActiveCfg = Debug|Any CPU
		{C6DE28C9-565C-43B3-93B1-FFDA09B034C0}.Debug|Any CPU.Build.0 = Debug|Any CPU
		{C6DE28C9-565C-43B3-93B1-FFDA09B034C0}.Release|Any CPU.ActiveCfg = Release|Any CPU
		{C6DE28C9-565C-43B3-93B1-FFDA09B034C0}.Release|Any CPU.Build.0 = Release|Any CPU
		{5C267D11-13F4-49F0-8638-87AD6D40C939}.Debug|Any CPU.ActiveCfg = Debug|Any CPU
		{5C267D11-13F4-49F0-8638-87AD6D40C939}.Debug|Any CPU.Build.0 = Debug|Any CPU
		{5C267D11-13F4-49F0-8638-87AD6D40C939}.Release|Any CPU.ActiveCfg = Release|Any CPU
		{5C267D11-13F4-49F0-8638-87AD6D40C939}.Release|Any CPU.Build.0 = Release|Any CPU
		{E204DD34-D024-4C87-A621-66FAB9BDC63D}.Debug|Any CPU.ActiveCfg = Debug|Any CPU
		{E204DD34-D024-4C87-A621-66FAB9BDC63D}.Debug|Any CPU.Build.0 = Debug|Any CPU
		{E204DD34-D024-4C87-A621-66FAB9BDC63D}.Release|Any CPU.ActiveCfg = Release|Any CPU
		{E204DD34-D024-4C87-A621-66FAB9BDC63D}.Release|Any CPU.Build.0 = Release|Any CPU
		{594845B4-58DE-4474-A737-CCF6356DE952}.Debug|Any CPU.ActiveCfg = Debug|Any CPU
		{594845B4-58DE-4474-A737-CCF6356DE952}.Debug|Any CPU.Build.0 = Debug|Any CPU
		{594845B4-58DE-4474-A737-CCF6356DE952}.Release|Any CPU.ActiveCfg = Release|Any CPU
		{594845B4-58DE-4474-A737-CCF6356DE952}.Release|Any CPU.Build.0 = Release|Any CPU
		{7D55A9D0-888C-4DF9-A75A-3619AA750373}.Debug|Any CPU.ActiveCfg = Debug|Any CPU
		{7D55A9D0-888C-4DF9-A75A-3619AA750373}.Debug|Any CPU.Build.0 = Debug|Any CPU
		{7D55A9D0-888C-4DF9-A75A-3619AA750373}.Release|Any CPU.ActiveCfg = Release|Any CPU
		{7D55A9D0-888C-4DF9-A75A-3619AA750373}.Release|Any CPU.Build.0 = Release|Any CPU
		{6F1CBF23-A49D-4833-ACD3-81E3D372C44B}.Debug|Any CPU.ActiveCfg = Debug|Any CPU
		{6F1CBF23-A49D-4833-ACD3-81E3D372C44B}.Debug|Any CPU.Build.0 = Debug|Any CPU
		{6F1CBF23-A49D-4833-ACD3-81E3D372C44B}.Release|Any CPU.ActiveCfg = Release|Any CPU
		{6F1CBF23-A49D-4833-ACD3-81E3D372C44B}.Release|Any CPU.Build.0 = Release|Any CPU
		{AC9AAC85-274E-46A3-9384-7C0E7A331918}.Debug|Any CPU.ActiveCfg = Debug|Any CPU
		{AC9AAC85-274E-46A3-9384-7C0E7A331918}.Debug|Any CPU.Build.0 = Debug|Any CPU
		{AC9AAC85-274E-46A3-9384-7C0E7A331918}.Release|Any CPU.ActiveCfg = Release|Any CPU
		{AC9AAC85-274E-46A3-9384-7C0E7A331918}.Release|Any CPU.Build.0 = Release|Any CPU
	EndGlobalSection
	GlobalSection(NestedProjects) = preSolution
		{D63C1953-1D22-4AA9-946F-0996CD4BB35A} = {9167A40B-0394-4E29-A9E2-73F6AFB7DBAB}
		{5259A15A-6B26-40A8-85A4-9F71EC37A4E1} = {9167A40B-0394-4E29-A9E2-73F6AFB7DBAB}
		{C6DE28C9-565C-43B3-93B1-FFDA09B034C0} = {BA7DD931-9A16-4FEA-9B4C-55C0AE1E43BE}
		{5C267D11-13F4-49F0-8638-87AD6D40C939} = {9167A40B-0394-4E29-A9E2-73F6AFB7DBAB}
		{E204DD34-D024-4C87-A621-66FAB9BDC63D} = {5762BE0D-BE68-46FB-8B22-3C776080BCA8}
		{594845B4-58DE-4474-A737-CCF6356DE952} = {9167A40B-0394-4E29-A9E2-73F6AFB7DBAB}
		{7D55A9D0-888C-4DF9-A75A-3619AA750373} = {BA7DD931-9A16-4FEA-9B4C-55C0AE1E43BE}
		{6F1CBF23-A49D-4833-ACD3-81E3D372C44B} = {5762BE0D-BE68-46FB-8B22-3C776080BCA8}
		{AC9AAC85-274E-46A3-9384-7C0E7A331918} = {9167A40B-0394-4E29-A9E2-73F6AFB7DBAB}
	EndGlobalSection
EndGlobal
